
Microsoft Visual Studio Solution File, Format Version 12.00
# Visual Studio Version 16
VisualStudioVersion = 25.0.1706.7
MinimumVisualStudioVersion = 10.0.40219.1
Project("{FAE04EC0-301F-11D3-BF4B-00C04F79EFBC}") = "Lin_Tiffany_HW5_V2", "Lin_Tiffany_HW5_V2\Lin_Tiffany_HW5_V2.csproj", "{A1C2249E-B768-4870-9465-05CA2D6949DA}"
EndProject
Global
	GlobalSection(SolutionConfigurationPlatforms) = preSolution
		Debug|Any CPU = Debug|Any CPU
		Release|Any CPU = Release|Any CPU
	EndGlobalSection
	GlobalSection(ProjectConfigurationPlatforms) = postSolution
		{A1C2249E-B768-4870-9465-05CA2D6949DA}.Debug|Any CPU.ActiveCfg = Debug|Any CPU
		{A1C2249E-B768-4870-9465-05CA2D6949DA}.Debug|Any CPU.Build.0 = Debug|Any CPU
		{A1C2249E-B768-4870-9465-05CA2D6949DA}.Release|Any CPU.ActiveCfg = Release|Any CPU
		{A1C2249E-B768-4870-9465-05CA2D6949DA}.Release|Any CPU.Build.0 = Release|Any CPU
	EndGlobalSection
	GlobalSection(SolutionProperties) = preSolution
		HideSolutionNode = FALSE
	EndGlobalSection
	GlobalSection(ExtensibilityGlobals) = postSolution
		SolutionGuid = {7F87AAC7-8E70-4746-A7E4-3FE81A113C69}
	EndGlobalSection
EndGlobal
